
Microsoft Visual Studio Solution File, Format Version 12.00
# Visual Studio 2013
VisualStudioVersion = 12.0.40629.0
MinimumVisualStudioVersion = 10.0.40219.1
Project("{8BC9CEB8-8B4A-11D0-8D11-00A0C91BC942}") = "libraries", "libraries\libraries.vcxproj", "{C5F80730-F44F-4478-BDAE-6634EFC2CA88}"
EndProject
Project("{8BC9CEB8-8B4A-11D0-8D11-00A0C91BC942}") = "SpektrumTest", "SpektrumTest\SpektrumTest.vcxproj", "{755A184F-9943-4EF1-8846-1DEB89F4025B}"
	ProjectSection(ProjectDependencies) = postProject
		{C5F80730-F44F-4478-BDAE-6634EFC2CA88} = {C5F80730-F44F-4478-BDAE-6634EFC2CA88}
	EndProjectSection
EndProject
Project("{8BC9CEB8-8B4A-11D0-8D11-00A0C91BC942}") = "Scratch", "Scratch\Scratch.vcxproj", "{8A97011D-93DA-4EFF-9D03-73EA074346F5}"
EndProject
Project("{8BC9CEB8-8B4A-11D0-8D11-00A0C91BC942}") = "GpsTest", "GpsTest\GpsTest.vcxproj", "{AF176656-AAB5-4620-AA47-997D50DB7F3B}"
EndProject
Project("{8BC9CEB8-8B4A-11D0-8D11-00A0C91BC942}") = "ImuTest", "ImuTest\ImuTest.vcxproj", "{11338711-2221-40E7-800A-E5686C91BA03}"
EndProject
Global
	GlobalSection(SolutionConfigurationPlatforms) = preSolution
		Debug|Win32 = Debug|Win32
		Release|Win32 = Release|Win32
	EndGlobalSection
	GlobalSection(ProjectConfigurationPlatforms) = postSolution
		{C5F80730-F44F-4478-BDAE-6634EFC2CA88}.Debug|Win32.ActiveCfg = Debug|Win32
		{C5F80730-F44F-4478-BDAE-6634EFC2CA88}.Release|Win32.ActiveCfg = Release|Win32
		{755A184F-9943-4EF1-8846-1DEB89F4025B}.Debug|Win32.ActiveCfg = Debug|Win32
		{755A184F-9943-4EF1-8846-1DEB89F4025B}.Debug|Win32.Build.0 = Debug|Win32
		{755A184F-9943-4EF1-8846-1DEB89F4025B}.Release|Win32.ActiveCfg = Release|Win32
		{755A184F-9943-4EF1-8846-1DEB89F4025B}.Release|Win32.Build.0 = Release|Win32
		{8A97011D-93DA-4EFF-9D03-73EA074346F5}.Debug|Win32.ActiveCfg = Debug|Win32
		{8A97011D-93DA-4EFF-9D03-73EA074346F5}.Debug|Win32.Build.0 = Debug|Win32
		{8A97011D-93DA-4EFF-9D03-73EA074346F5}.Release|Win32.ActiveCfg = Release|Win32
		{8A97011D-93DA-4EFF-9D03-73EA074346F5}.Release|Win32.Build.0 = Release|Win32
		{AF176656-AAB5-4620-AA47-997D50DB7F3B}.Debug|Win32.ActiveCfg = Debug|Win32
		{AF176656-AAB5-4620-AA47-997D50DB7F3B}.Debug|Win32.Build.0 = Debug|Win32
		{AF176656-AAB5-4620-AA47-997D50DB7F3B}.Release|Win32.ActiveCfg = Release|Win32
		{AF176656-AAB5-4620-AA47-997D50DB7F3B}.Release|Win32.Build.0 = Release|Win32
		{11338711-2221-40E7-800A-E5686C91BA03}.Debug|Win32.ActiveCfg = Debug|Win32
		{11338711-2221-40E7-800A-E5686C91BA03}.Debug|Win32.Build.0 = Debug|Win32
		{11338711-2221-40E7-800A-E5686C91BA03}.Release|Win32.ActiveCfg = Release|Win32
		{11338711-2221-40E7-800A-E5686C91BA03}.Release|Win32.Build.0 = Release|Win32
	EndGlobalSection
	GlobalSection(SolutionProperties) = preSolution
		HideSolutionNode = FALSE
	EndGlobalSection
EndGlobal
