<?xml version="1.0" encoding="utf-8"?>
<Project ToolsVersion="4.0" xmlns="http://schemas.microsoft.com/developer/msbuild/2003">
  <ItemGroup>
    <Filter Include="Source Files">
      <UniqueIdentifier>{4FC737F1-C7A5-4376-A066-2A32D752A2FF}</UniqueIdentifier>
      <Extensions>cpp;c;cc;cxx;def;odl;idl;hpj;bat;asm;asmx</Extensions>
    </Filter>
    <Filter Include="Header Files">
      <UniqueIdentifier>{93995380-89BD-4b04-88EB-625FBE52EBFB}</UniqueIdentifier>
      <Extensions>h;hh;hpp;hxx;hm;inl;inc;xsd</Extensions>
    </Filter>
    <Filter Include="Resource Files">
      <UniqueIdentifier>{67DA6AB6-F800-4c08-8B7A-83BB121AAD01}</UniqueIdentifier>
      <Extensions>rc;ico;cur;bmp;dlg;rc2;rct;bin;rgs;gif;jpg;jpeg;jpe;resx;tiff;tif;png;wav;mfcribbon-ms</Extensions>
    </Filter>
  </ItemGroup>
  <ItemGroup>
    <None Include="libraries.ino" />
    <None Include="Adafruit_BMP085_Unified\examples\nonblocking\nonblocking.ino" />
  </ItemGroup>
  <ItemGroup>
    <ClInclude Include="utility\functor.h">
      <Filter>Header Files</Filter>
    </ClInclude>
    <ClInclude Include="DSM\dsm.h">
      <Filter>Header Files</Filter>
    </ClInclude>
    <ClInclude Include="AP_Common\AP_Common.h">
      <Filter>Header Files</Filter>
    </ClInclude>
    <ClInclude Include="AP_HAL\AP_HAL_Namespace.h">
      <Filter>Header Files</Filter>
    </ClInclude>
    <ClInclude Include="HAL\HAL.h">
      <Filter>Header Files</Filter>
    </ClInclude>
    <ClInclude Include="HAL\DigitalPin.h">
      <Filter>Header Files</Filter>
    </ClInclude>
    <ClInclude Include="HAL_Arduino\DigitalPin.h">
      <Filter>Header Files</Filter>
    </ClInclude>
    <ClInclude Include="HAL\UartRx.h">
      <Filter>Header Files</Filter>
    </ClInclude>
    <ClInclude Include="HAL_Arduino\UartRx.h">
      <Filter>Header Files</Filter>
    </ClInclude>
    <ClInclude Include="Adafruit_L3GD20_U\Adafruit_L3GD20_U.h">
      <Filter>Header Files</Filter>
    </ClInclude>
    <ClInclude Include="Adafruit_Sensors\Adafruit_Sensor.h">
      <Filter>Header Files</Filter>
    </ClInclude>
    <ClInclude Include="Adafruit_LSM303DLHC\Adafruit_LSM303_U.h">
      <Filter>Header Files</Filter>
    </ClInclude>
    <ClInclude Include="Adafruit_BMP085_Unified\Adafruit_BMP085_U.h">
      <Filter>Header Files</Filter>
    </ClInclude>
    <ClInclude Include="__vm\.libraries.vsarduino.h">
      <Filter>Header Files</Filter>
    </ClInclude>
    <ClInclude Include="I2C-Master-Library\I2C.h">
      <Filter>Header Files</Filter>
    </ClInclude>
    <ClInclude Include="Adafruit_LSM303DLHC\Adafruit_LSM303_Mag_Unified.h">
      <Filter>Header Files</Filter>
    </ClInclude>
    <ClInclude Include="Adafruit_LSM303DLHC\Adafruit_LSM303_Accel_Unified.h">
      <Filter>Header Files</Filter>
    </ClInclude>
    <ClInclude Include="Adafruit_GPS\Adafruit_GPS.h">
      <Filter>Header Files</Filter>
    </ClInclude>
  </ItemGroup>
  <ItemGroup>
    <ClCompile Include="DSM\dsm.cpp">
      <Filter>Source Files</Filter>
    </ClCompile>
    <ClCompile Include="HAL\HAL.cpp">
      <Filter>Source Files</Filter>
    </ClCompile>
    <ClCompile Include="HAL_Arduino\DigitalPin.cpp">
      <Filter>Source Files</Filter>
    </ClCompile>
    <ClCompile Include="HAL_Arduino\UartRx.cpp">
      <Filter>Source Files</Filter>
    </ClCompile>
    <ClCompile Include="Adafruit_L3GD20_U\Adafruit_L3GD20_U.cpp">
      <Filter>Source Files</Filter>
    </ClCompile>
    <ClCompile Include="Adafruit_BMP085_Unified\Adafruit_BMP085_U.cpp">
      <Filter>Source Files</Filter>
    </ClCompile>
    <ClCompile Include="I2C-Master-Library\I2C.cpp">
      <Filter>Source Files</Filter>
    </ClCompile>
    <ClCompile Include="Adafruit_LSM303DLHC\Adafruit_LSM303_Accel_Unified.cpp">
      <Filter>Source Files</Filter>
    </ClCompile>
    <ClCompile Include="Adafruit_LSM303DLHC\Adafruit_LSM303_Mag_Unified.cpp">
      <Filter>Source Files</Filter>
    </ClCompile>
    <ClCompile Include="Adafruit_GPS\Adafruit_GPS.cpp">
      <Filter>Source Files</Filter>
    </ClCompile>
  </ItemGroup>
</Project>