<?xml version="1.0" encoding="utf-8"?>
<Project ToolsVersion="4.0" xmlns="http://schemas.microsoft.com/developer/msbuild/2003">
  <ItemGroup>
    <Filter Include="Source Files">
      <UniqueIdentifier>{4FC737F1-C7A5-4376-A066-2A32D752A2FF}</UniqueIdentifier>
      <Extensions>cpp;c;cc;cxx;def;odl;idl;hpj;bat;asm;asmx</Extensions>
    </Filter>
    <Filter Include="Header Files">
      <UniqueIdentifier>{93995380-89BD-4b04-88EB-625FBE52EBFB}</UniqueIdentifier>
      <Extensions>h;hh;hpp;hxx;hm;inl;inc;xsd</Extensions>
    </Filter>
    <Filter Include="Resource Files">
      <UniqueIdentifier>{67DA6AB6-F800-4c08-8B7A-83BB121AAD01}</UniqueIdentifier>
      <Extensions>rc;ico;cur;bmp;dlg;rc2;rct;bin;rgs;gif;jpg;jpeg;jpe;resx;tiff;tif;png;wav;mfcribbon-ms</Extensions>
    </Filter>
    <Filter Include="_core">
      <UniqueIdentifier>{c0dd18b7-6c8a-42c4-90ee-68ae20100dab}</UniqueIdentifier>
    </Filter>
    <Filter Include="_core\avr">
      <UniqueIdentifier>{37b23d5f-aed2-49f7-813d-c60729be311a}</UniqueIdentifier>
    </Filter>
    <Filter Include="_core\USB">
      <UniqueIdentifier>{c5ca0c75-18a4-4681-b39d-288b6b9820ad}</UniqueIdentifier>
    </Filter>
    <Filter Include="_libraries">
      <UniqueIdentifier>{965c7f06-1eb3-423a-babc-062f2e0509d3}</UniqueIdentifier>
    </Filter>
  </ItemGroup>
  <ItemGroup>
    <None Include="Scratch.ino" />
    <None Include="..\..\..\Users\jeffy\AppData\Local\arduino15\packages\arduino\hardware\sam\1.6.8\cores\arduino\wiring_pulse_asm.S">
      <Filter>_core</Filter>
    </None>
  </ItemGroup>
  <ItemGroup>
    <ClInclude Include="__vm\.Scratch.vsarduino.h">
      <Filter>Header Files</Filter>
    </ClInclude>
    <ClInclude Include="..\..\..\Users\jeffy\AppData\Local\arduino15\packages\arduino\hardware\sam\1.6.8\cores\arduino\Arduino.h">
      <Filter>_core</Filter>
    </ClInclude>
    <ClInclude Include="..\..\..\Users\jeffy\AppData\Local\arduino15\packages\arduino\hardware\sam\1.6.8\cores\arduino\binary.h">
      <Filter>_core</Filter>
    </ClInclude>
    <ClInclude Include="..\..\..\Users\jeffy\AppData\Local\arduino15\packages\arduino\hardware\sam\1.6.8\cores\arduino\Client.h">
      <Filter>_core</Filter>
    </ClInclude>
    <ClInclude Include="..\..\..\Users\jeffy\AppData\Local\arduino15\packages\arduino\hardware\sam\1.6.8\cores\arduino\HardwareSerial.h">
      <Filter>_core</Filter>
    </ClInclude>
    <ClInclude Include="..\..\..\Users\jeffy\AppData\Local\arduino15\packages\arduino\hardware\sam\1.6.8\cores\arduino\IPAddress.h">
      <Filter>_core</Filter>
    </ClInclude>
    <ClInclude Include="..\..\..\Users\jeffy\AppData\Local\arduino15\packages\arduino\hardware\sam\1.6.8\cores\arduino\itoa.h">
      <Filter>_core</Filter>
    </ClInclude>
    <ClInclude Include="..\..\..\Users\jeffy\AppData\Local\arduino15\packages\arduino\hardware\sam\1.6.8\cores\arduino\Print.h">
      <Filter>_core</Filter>
    </ClInclude>
    <ClInclude Include="..\..\..\Users\jeffy\AppData\Local\arduino15\packages\arduino\hardware\sam\1.6.8\cores\arduino\Printable.h">
      <Filter>_core</Filter>
    </ClInclude>
    <ClInclude Include="..\..\..\Users\jeffy\AppData\Local\arduino15\packages\arduino\hardware\sam\1.6.8\cores\arduino\Reset.h">
      <Filter>_core</Filter>
    </ClInclude>
    <ClInclude Include="..\..\..\Users\jeffy\AppData\Local\arduino15\packages\arduino\hardware\sam\1.6.8\cores\arduino\RingBuffer.h">
      <Filter>_core</Filter>
    </ClInclude>
    <ClInclude Include="..\..\..\Users\jeffy\AppData\Local\arduino15\packages\arduino\hardware\sam\1.6.8\cores\arduino\Server.h">
      <Filter>_core</Filter>
    </ClInclude>
    <ClInclude Include="..\..\..\Users\jeffy\AppData\Local\arduino15\packages\arduino\hardware\sam\1.6.8\cores\arduino\Stream.h">
      <Filter>_core</Filter>
    </ClInclude>
    <ClInclude Include="..\..\..\Users\jeffy\AppData\Local\arduino15\packages\arduino\hardware\sam\1.6.8\cores\arduino\syscalls.h">
      <Filter>_core</Filter>
    </ClInclude>
    <ClInclude Include="..\..\..\Users\jeffy\AppData\Local\arduino15\packages\arduino\hardware\sam\1.6.8\cores\arduino\Tone.h">
      <Filter>_core</Filter>
    </ClInclude>
    <ClInclude Include="..\..\..\Users\jeffy\AppData\Local\arduino15\packages\arduino\hardware\sam\1.6.8\cores\arduino\UARTClass.h">
      <Filter>_core</Filter>
    </ClInclude>
    <ClInclude Include="..\..\..\Users\jeffy\AppData\Local\arduino15\packages\arduino\hardware\sam\1.6.8\cores\arduino\Udp.h">
      <Filter>_core</Filter>
    </ClInclude>
    <ClInclude Include="..\..\..\Users\jeffy\AppData\Local\arduino15\packages\arduino\hardware\sam\1.6.8\cores\arduino\USARTClass.h">
      <Filter>_core</Filter>
    </ClInclude>
    <ClInclude Include="..\..\..\Users\jeffy\AppData\Local\arduino15\packages\arduino\hardware\sam\1.6.8\cores\arduino\watchdog.h">
      <Filter>_core</Filter>
    </ClInclude>
    <ClInclude Include="..\..\..\Users\jeffy\AppData\Local\arduino15\packages\arduino\hardware\sam\1.6.8\cores\arduino\WCharacter.h">
      <Filter>_core</Filter>
    </ClInclude>
    <ClInclude Include="..\..\..\Users\jeffy\AppData\Local\arduino15\packages\arduino\hardware\sam\1.6.8\cores\arduino\WInterrupts.h">
      <Filter>_core</Filter>
    </ClInclude>
    <ClInclude Include="..\..\..\Users\jeffy\AppData\Local\arduino15\packages\arduino\hardware\sam\1.6.8\cores\arduino\wiring.h">
      <Filter>_core</Filter>
    </ClInclude>
    <ClInclude Include="..\..\..\Users\jeffy\AppData\Local\arduino15\packages\arduino\hardware\sam\1.6.8\cores\arduino\wiring_analog.h">
      <Filter>_core</Filter>
    </ClInclude>
    <ClInclude Include="..\..\..\Users\jeffy\AppData\Local\arduino15\packages\arduino\hardware\sam\1.6.8\cores\arduino\wiring_constants.h">
      <Filter>_core</Filter>
    </ClInclude>
    <ClInclude Include="..\..\..\Users\jeffy\AppData\Local\arduino15\packages\arduino\hardware\sam\1.6.8\cores\arduino\wiring_digital.h">
      <Filter>_core</Filter>
    </ClInclude>
    <ClInclude Include="..\..\..\Users\jeffy\AppData\Local\arduino15\packages\arduino\hardware\sam\1.6.8\cores\arduino\wiring_private.h">
      <Filter>_core</Filter>
    </ClInclude>
    <ClInclude Include="..\..\..\Users\jeffy\AppData\Local\arduino15\packages\arduino\hardware\sam\1.6.8\cores\arduino\wiring_pulse.h">
      <Filter>_core</Filter>
    </ClInclude>
    <ClInclude Include="..\..\..\Users\jeffy\AppData\Local\arduino15\packages\arduino\hardware\sam\1.6.8\cores\arduino\wiring_shift.h">
      <Filter>_core</Filter>
    </ClInclude>
    <ClInclude Include="..\..\..\Users\jeffy\AppData\Local\arduino15\packages\arduino\hardware\sam\1.6.8\cores\arduino\WMath.h">
      <Filter>_core</Filter>
    </ClInclude>
    <ClInclude Include="..\..\..\Users\jeffy\AppData\Local\arduino15\packages\arduino\hardware\sam\1.6.8\cores\arduino\WString.h">
      <Filter>_core</Filter>
    </ClInclude>
    <ClInclude Include="..\..\..\Users\jeffy\AppData\Local\arduino15\packages\arduino\hardware\sam\1.6.8\cores\arduino\avr\dtostrf.h">
      <Filter>_core\avr</Filter>
    </ClInclude>
    <ClInclude Include="..\..\..\Users\jeffy\AppData\Local\arduino15\packages\arduino\hardware\sam\1.6.8\cores\arduino\avr\interrupt.h">
      <Filter>_core\avr</Filter>
    </ClInclude>
    <ClInclude Include="..\..\..\Users\jeffy\AppData\Local\arduino15\packages\arduino\hardware\sam\1.6.8\cores\arduino\avr\pgmspace.h">
      <Filter>_core\avr</Filter>
    </ClInclude>
    <ClInclude Include="..\..\..\Users\jeffy\AppData\Local\arduino15\packages\arduino\hardware\sam\1.6.8\cores\arduino\USB\PluggableUSB.h">
      <Filter>_core\USB</Filter>
    </ClInclude>
    <ClInclude Include="..\..\..\Users\jeffy\AppData\Local\arduino15\packages\arduino\hardware\sam\1.6.8\cores\arduino\USB\USBAPI.h">
      <Filter>_core\USB</Filter>
    </ClInclude>
    <ClInclude Include="..\..\..\Users\jeffy\AppData\Local\arduino15\packages\arduino\hardware\sam\1.6.8\cores\arduino\USB\USBCore.h">
      <Filter>_core\USB</Filter>
    </ClInclude>
    <ClInclude Include="..\..\..\Users\jeffy\AppData\Local\arduino15\packages\arduino\hardware\sam\1.6.8\cores\arduino\USB\USBDesc.h">
      <Filter>_core\USB</Filter>
    </ClInclude>
    <ClInclude Include="..\..\..\Users\jeffy\AppData\Local\arduino15\packages\arduino\hardware\sam\1.6.8\variants\arduino_due_x\pins_arduino.h">
      <Filter>_core</Filter>
    </ClInclude>
    <ClInclude Include="..\..\..\Users\jeffy\AppData\Local\arduino15\packages\arduino\hardware\sam\1.6.8\variants\arduino_due_x\variant.h">
      <Filter>_core</Filter>
    </ClInclude>
  </ItemGroup>
  <ItemGroup>
    <ClCompile Include="..\..\..\Users\jeffy\AppData\Local\arduino15\packages\arduino\hardware\sam\1.6.8\cores\arduino\abi.cpp">
      <Filter>_core</Filter>
    </ClCompile>
    <ClCompile Include="..\..\..\Users\jeffy\AppData\Local\arduino15\packages\arduino\hardware\sam\1.6.8\cores\arduino\cortex_handlers.c">
      <Filter>_core</Filter>
    </ClCompile>
    <ClCompile Include="..\..\..\Users\jeffy\AppData\Local\arduino15\packages\arduino\hardware\sam\1.6.8\cores\arduino\hooks.c">
      <Filter>_core</Filter>
    </ClCompile>
    <ClCompile Include="..\..\..\Users\jeffy\AppData\Local\arduino15\packages\arduino\hardware\sam\1.6.8\cores\arduino\iar_calls_sam3.c">
      <Filter>_core</Filter>
    </ClCompile>
    <ClCompile Include="..\..\..\Users\jeffy\AppData\Local\arduino15\packages\arduino\hardware\sam\1.6.8\cores\arduino\IPAddress.cpp">
      <Filter>_core</Filter>
    </ClCompile>
    <ClCompile Include="..\..\..\Users\jeffy\AppData\Local\arduino15\packages\arduino\hardware\sam\1.6.8\cores\arduino\itoa.c">
      <Filter>_core</Filter>
    </ClCompile>
    <ClCompile Include="..\..\..\Users\jeffy\AppData\Local\arduino15\packages\arduino\hardware\sam\1.6.8\cores\arduino\main.cpp">
      <Filter>_core</Filter>
    </ClCompile>
    <ClCompile Include="..\..\..\Users\jeffy\AppData\Local\arduino15\packages\arduino\hardware\sam\1.6.8\cores\arduino\new.cpp">
      <Filter>_core</Filter>
    </ClCompile>
    <ClCompile Include="..\..\..\Users\jeffy\AppData\Local\arduino15\packages\arduino\hardware\sam\1.6.8\cores\arduino\Print.cpp">
      <Filter>_core</Filter>
    </ClCompile>
    <ClCompile Include="..\..\..\Users\jeffy\AppData\Local\arduino15\packages\arduino\hardware\sam\1.6.8\cores\arduino\Reset.cpp">
      <Filter>_core</Filter>
    </ClCompile>
    <ClCompile Include="..\..\..\Users\jeffy\AppData\Local\arduino15\packages\arduino\hardware\sam\1.6.8\cores\arduino\RingBuffer.cpp">
      <Filter>_core</Filter>
    </ClCompile>
    <ClCompile Include="..\..\..\Users\jeffy\AppData\Local\arduino15\packages\arduino\hardware\sam\1.6.8\cores\arduino\Stream.cpp">
      <Filter>_core</Filter>
    </ClCompile>
    <ClCompile Include="..\..\..\Users\jeffy\AppData\Local\arduino15\packages\arduino\hardware\sam\1.6.8\cores\arduino\syscalls_sam3.c">
      <Filter>_core</Filter>
    </ClCompile>
    <ClCompile Include="..\..\..\Users\jeffy\AppData\Local\arduino15\packages\arduino\hardware\sam\1.6.8\cores\arduino\UARTClass.cpp">
      <Filter>_core</Filter>
    </ClCompile>
    <ClCompile Include="..\..\..\Users\jeffy\AppData\Local\arduino15\packages\arduino\hardware\sam\1.6.8\cores\arduino\USARTClass.cpp">
      <Filter>_core</Filter>
    </ClCompile>
    <ClCompile Include="..\..\..\Users\jeffy\AppData\Local\arduino15\packages\arduino\hardware\sam\1.6.8\cores\arduino\watchdog.cpp">
      <Filter>_core</Filter>
    </ClCompile>
    <ClCompile Include="..\..\..\Users\jeffy\AppData\Local\arduino15\packages\arduino\hardware\sam\1.6.8\cores\arduino\WInterrupts.c">
      <Filter>_core</Filter>
    </ClCompile>
    <ClCompile Include="..\..\..\Users\jeffy\AppData\Local\arduino15\packages\arduino\hardware\sam\1.6.8\cores\arduino\wiring.c">
      <Filter>_core</Filter>
    </ClCompile>
    <ClCompile Include="..\..\..\Users\jeffy\AppData\Local\arduino15\packages\arduino\hardware\sam\1.6.8\cores\arduino\wiring_analog.c">
      <Filter>_core</Filter>
    </ClCompile>
    <ClCompile Include="..\..\..\Users\jeffy\AppData\Local\arduino15\packages\arduino\hardware\sam\1.6.8\cores\arduino\wiring_digital.c">
      <Filter>_core</Filter>
    </ClCompile>
    <ClCompile Include="..\..\..\Users\jeffy\AppData\Local\arduino15\packages\arduino\hardware\sam\1.6.8\cores\arduino\wiring_pulse.cpp">
      <Filter>_core</Filter>
    </ClCompile>
    <ClCompile Include="..\..\..\Users\jeffy\AppData\Local\arduino15\packages\arduino\hardware\sam\1.6.8\cores\arduino\wiring_shift.c">
      <Filter>_core</Filter>
    </ClCompile>
    <ClCompile Include="..\..\..\Users\jeffy\AppData\Local\arduino15\packages\arduino\hardware\sam\1.6.8\cores\arduino\WMath.cpp">
      <Filter>_core</Filter>
    </ClCompile>
    <ClCompile Include="..\..\..\Users\jeffy\AppData\Local\arduino15\packages\arduino\hardware\sam\1.6.8\cores\arduino\WString.cpp">
      <Filter>_core</Filter>
    </ClCompile>
    <ClCompile Include="..\..\..\Users\jeffy\AppData\Local\arduino15\packages\arduino\hardware\sam\1.6.8\cores\arduino\avr\dtostrf.c">
      <Filter>_core\avr</Filter>
    </ClCompile>
    <ClCompile Include="..\..\..\Users\jeffy\AppData\Local\arduino15\packages\arduino\hardware\sam\1.6.8\cores\arduino\USB\CDC.cpp">
      <Filter>_core\USB</Filter>
    </ClCompile>
    <ClCompile Include="..\..\..\Users\jeffy\AppData\Local\arduino15\packages\arduino\hardware\sam\1.6.8\cores\arduino\USB\PluggableUSB.cpp">
      <Filter>_core\USB</Filter>
    </ClCompile>
    <ClCompile Include="..\..\..\Users\jeffy\AppData\Local\arduino15\packages\arduino\hardware\sam\1.6.8\cores\arduino\USB\USBCore.cpp">
      <Filter>_core\USB</Filter>
    </ClCompile>
  </ItemGroup>
</Project>